
Microsoft Visual Studio Solution File, Format Version 12.00
# Visual Studio Version 16
VisualStudioVersion = 16.0.31613.86
MinimumVisualStudioVersion = 10.0.40219.1
Project("{FAE04EC0-301F-11D3-BF4B-00C04F79EFBC}") = "Clase 14 Ej 1", "Clase 14 Ej 1.csproj", "{A07EDFA4-1C56-40C9-8AA3-3877C38116C6}"
EndProject
Global
	GlobalSection(SolutionConfigurationPlatforms) = preSolution
		Debug|Any CPU = Debug|Any CPU
		Release|Any CPU = Release|Any CPU
	EndGlobalSection
	GlobalSection(ProjectConfigurationPlatforms) = postSolution
		{A07EDFA4-1C56-40C9-8AA3-3877C38116C6}.Debug|Any CPU.ActiveCfg = Debug|Any CPU
		{A07EDFA4-1C56-40C9-8AA3-3877C38116C6}.Debug|Any CPU.Build.0 = Debug|Any CPU
		{A07EDFA4-1C56-40C9-8AA3-3877C38116C6}.Release|Any CPU.ActiveCfg = Release|Any CPU
		{A07EDFA4-1C56-40C9-8AA3-3877C38116C6}.Release|Any CPU.Build.0 = Release|Any CPU
	EndGlobalSection
	GlobalSection(SolutionProperties) = preSolution
		HideSolutionNode = FALSE
	EndGlobalSection
	GlobalSection(ExtensibilityGlobals) = postSolution
		SolutionGuid = {755125DB-F50F-49D6-A059-5315D688D42E}
	EndGlobalSection
EndGlobal
