
Microsoft Visual Studio Solution File, Format Version 12.00
# Visual Studio Version 16
VisualStudioVersion = 16.0.31613.86
MinimumVisualStudioVersion = 10.0.40219.1
Project("{FAE04EC0-301F-11D3-BF4B-00C04F79EFBC}") = "Clase_15_electrodomesticos", "Clase_15_electrodomesticos.csproj", "{4E6D3EDD-ACC8-406D-8CA6-F4CCC695E4BD}"
EndProject
Global
	GlobalSection(SolutionConfigurationPlatforms) = preSolution
		Debug|Any CPU = Debug|Any CPU
		Release|Any CPU = Release|Any CPU
	EndGlobalSection
	GlobalSection(ProjectConfigurationPlatforms) = postSolution
		{4E6D3EDD-ACC8-406D-8CA6-F4CCC695E4BD}.Debug|Any CPU.ActiveCfg = Debug|Any CPU
		{4E6D3EDD-ACC8-406D-8CA6-F4CCC695E4BD}.Debug|Any CPU.Build.0 = Debug|Any CPU
		{4E6D3EDD-ACC8-406D-8CA6-F4CCC695E4BD}.Release|Any CPU.ActiveCfg = Release|Any CPU
		{4E6D3EDD-ACC8-406D-8CA6-F4CCC695E4BD}.Release|Any CPU.Build.0 = Release|Any CPU
	EndGlobalSection
	GlobalSection(SolutionProperties) = preSolution
		HideSolutionNode = FALSE
	EndGlobalSection
	GlobalSection(ExtensibilityGlobals) = postSolution
		SolutionGuid = {78592D8D-A73A-4457-9C57-188978A37D49}
	EndGlobalSection
EndGlobal
